{
  "version": "5",
  "specifiers": {
    "jsr:@marianmeres/npmbuild@1": "1.16.0",
    "jsr:@marianmeres/searchable@^2.7.0": "2.7.0",
    "jsr:@std/assert@1": "1.0.19",
    "jsr:@std/collections@^1.1.7": "1.2.0",
    "jsr:@std/fs@^1.0.23": "1.0.24",
    "jsr:@std/internal@^1.0.12": "1.0.14",
    "jsr:@std/internal@^1.0.14": "1.0.14",
    "jsr:@std/path@^1.1.4": "1.1.5",
    "jsr:@std/path@^1.1.5": "1.1.5",
    "npm:countries-and-timezones@3.7.2": "3.7.2",
    "npm:countries-list@3.1.1": "3.1.1",
    "npm:i18n-iso-countries@7.14.0": "7.14.0"
  },
  "jsr": {
    "@marianmeres/npmbuild@1.16.0": {
      "integrity": "5631b65d284472d1325ecf829dce22e2df166fa3b754cd3f005c8eccd05ee8f0",
      "dependencies": [
        "jsr:@std/collections",
        "jsr:@std/fs",
        "jsr:@std/path@^1.1.4"
      ]
    },
    "@marianmeres/searchable@2.7.0": {
      "integrity": "28d5e807d5dc42e9e7cbfd15a4ca702a42cc6af312fd8d48cd6537872ff79601"
    },
    "@std/assert@1.0.19": {
      "integrity": "eaada96ee120cb980bc47e040f82814d786fe8162ecc53c91d8df60b8755991e",
      "dependencies": [
        "jsr:@std/internal@^1.0.12"
      ]
    },
    "@std/collections@1.2.0": {
      "integrity": "47627a21d3a13138b77fd0e4d790ba9d2e603c3510b686cde6b132fe9aa98a88"
    },
    "@std/fs@1.0.24": {
      "integrity": "f3061b45b81673a2bece689da041df32d174be064c89eb6397fb5718d3fb7877",
      "dependencies": [
        "jsr:@std/internal@^1.0.14",
        "jsr:@std/path@^1.1.5"
      ]
    },
    "@std/internal@1.0.14": {
      "integrity": "291516b3d4c35024d6ffbc0a9df5bf4c64116e05b50012cf846710152d2ffdf7"
    },
    "@std/path@1.1.5": {
      "integrity": "ccea00982ea28c36becaf6e62f855406c76a8c32d462f66f415bbb7d83a271bc",
      "dependencies": [
        "jsr:@std/internal@^1.0.14"
      ]
    }
  },
  "npm": {
    "countries-and-timezones@3.7.2": {
      "integrity": "sha512-BHAMt4pKb3U3r/mRfiIlVnDhRd8m6VC20gwCWtpZGZkSsjZmnMDKFnnjWYGWhBmypQAqcQILFJwmEhIgWGVTmw=="
    },
    "countries-list@3.1.1": {
      "integrity": "sha512-nPklKJ5qtmY5MdBKw1NiBAoyx5Sa7p2yPpljZyQ7gyCN1m+eMFs9I6CT37Mxt8zvR5L3VzD3DJBE4WQzX3WF4A=="
    },
    "diacritics@1.3.0": {
      "integrity": "sha512-wlwEkqcsaxvPJML+rDh/2iS824jbREk6DUMUKkEaSlxdYHeS43cClJtsWglvw2RfeXGm6ohKDqsXteJ5sP5enA=="
    },
    "i18n-iso-countries@7.14.0": {
      "integrity": "sha512-nXHJZYtNrfsi1UQbyRqm3Gou431elgLjKl//CYlnBGt5aTWdRPH1PiS2T/p/n8Q8LnqYqzQJik3Q7mkwvLokeg==",
      "dependencies": [
        "diacritics"
      ]
    }
  },
  "workspace": {
    "dependencies": [
      "jsr:@marianmeres/npmbuild@1",
      "jsr:@marianmeres/searchable@^2.7.0",
      "jsr:@std/assert@1",
      "jsr:@std/fs@1",
      "jsr:@std/path@1"
    ]
  }
}
